
Microsoft Visual Studio Solution File, Format Version 12.00
# Visual Studio Version 16
VisualStudioVersion = 16.0.31729.503
MinimumVisualStudioVersion = 10.0.40219.1
Project("{9A19103F-16F7-4668-BE54-9A1E7A4F7556}") = "Testing", "Testing\Testing.csproj", "{43ABBB6A-D856-4EA2-9E03-FF4271D42366}"
EndProject
Global
	GlobalSection(SolutionConfigurationPlatforms) = preSolution
		Debug|Any CPU = Debug|Any CPU
		Release|Any CPU = Release|Any CPU
	EndGlobalSection
	GlobalSection(ProjectConfigurationPlatforms) = postSolution
		{43ABBB6A-D856-4EA2-9E03-FF4271D42366}.Debug|Any CPU.ActiveCfg = Debug|Any CPU
		{43ABBB6A-D856-4EA2-9E03-FF4271D42366}.Debug|Any CPU.Build.0 = Debug|Any CPU
		{43ABBB6A-D856-4EA2-9E03-FF4271D42366}.Release|Any CPU.ActiveCfg = Release|Any CPU
		{43ABBB6A-D856-4EA2-9E03-FF4271D42366}.Release|Any CPU.Build.0 = Release|Any CPU
	EndGlobalSection
	GlobalSection(SolutionProperties) = preSolution
		HideSolutionNode = FALSE
	EndGlobalSection
	GlobalSection(ExtensibilityGlobals) = postSolution
		SolutionGuid = {0FFE2D24-09E8-40CB-977E-29ADD7038D3A}
	EndGlobalSection
EndGlobal
